// !$*UTF8*$!
{
	archiveVersion = 1;
	classes = {
	};
	objectVersion = 77;
	objects = {

/* Begin PBXContainerItemProxy section */
		74B8A49A2F9274C400ADB41B /* PBXContainerItemProxy */ = {
			isa = PBXContainerItemProxy;
			containerPortal = 74B8A4842F9274C300ADB41B /* Project object */;
			proxyType = 1;
			remoteGlobalIDString = 74B8A48B2F9274C300ADB41B;
			remoteInfo = TheNewCaloriesTracker;
		};
		74B8A4A42F9274C400ADB41B /* PBXContainerItemProxy */ = {
			isa = PBXContainerItemProxy;
			containerPortal = 74B8A4842F9274C300ADB41B /* Project object */;
			proxyType = 1;
			remoteGlobalIDString = 74B8A48B2F9274C300ADB41B;
			remoteInfo = TheNewCaloriesTracker;
		};
/* End PBXContainerItemProxy section */

/* Begin PBXFileReference section */
		74B8A48C2F9274C300ADB41B /* TheNewCaloriesTracker.app */ = {isa = PBXFileReference; explicitFileType = wrapper.application; includeInIndex = 0; path = TheNewCaloriesTracker.app; sourceTree = BUILT_PRODUCTS_DIR; };
		74B8A4992F9274C400ADB41B /* TheNewCaloriesTrackerTests.xctest */ = {isa = PBXFileReference; explicitFileType = wrapper.cfbundle; includeInIndex = 0; path = TheNewCaloriesTrackerTests.xctest; sourceTree = BUILT_PRODUCTS_DIR; };
		74B8A4A32F9274C400ADB41B /* TheNewCaloriesTrackerUITests.xctest */ = {isa = PBXFileReference; explicitFileType = wrapper.cfbundle; includeInIndex = 0; path = TheNewCaloriesTrackerUITests.xctest; sourceTree = BUILT_PRODUCTS_DIR; };
/* End PBXFileReference section */

/* Begin PBXFileSystemSynchronizedRootGroup section */
		74B8A48E2F9274C300ADB41B /* TheNewCaloriesTracker */ = {
			isa = PBXFileSystemSynchronizedRootGroup;
			path = TheNewCaloriesTracker;
			sourceTree = "<group>";
		};
		74B8A49C2F9274C400ADB41B /* TheNewCaloriesTrackerTests */ = {
			isa = PBXFileSystemSynchronizedRootGroup;
			path = TheNewCaloriesTrackerTests;
			sourceTree = "<group>";
		};
		74B8A4A62F9274C400ADB41B /* TheNewCaloriesTrackerUITests */ = {
			isa = PBXFileSystemSynchronizedRootGroup;
			path = TheNewCaloriesTrackerUITests;
			sourceTree = "<group>";
		};
/* End PBXFileSystemSynchronizedRootGroup section */

/* Begin PBXFrameworksBuildPhase section */
		74B8A4892F9274C300ADB41B /* Frameworks */ = {
			isa = PBXFrameworksBuildPhase;
			buildActionMask = 2147483647;
			files = (
			);
			runOnlyForDeploymentPostprocessing = 0;
		};
		74B8A4962F9274C400ADB41B /* Frameworks */ = {
			isa = PBXFrameworksBuildPhase;
			buildActionMask = 2147483647;
			files = (
			);
			runOnlyForDeploymentPostprocessing = 0;
		};
		74B8A4A02F9274C400ADB41B /* Frameworks */ = {
			isa = PBXFrameworksBuildPhase;
			buildActionMask = 2147483647;
			files = (
			);
			runOnlyForDeploymentPostprocessing = 0;
		};
/* End PBXFrameworksBuildPhase section */

/* Begin PBXGroup section */
		74B8A4832F9274C300ADB41B = {
			isa = PBXGroup;
			children = (
				74B8A48E2F9274C300ADB41B /* TheNewCaloriesTracker */,
				74B8A49C2F9274C400ADB41B /* TheNewCaloriesTrackerTests */,
				74B8A4A62F9274C400ADB41B /* TheNewCaloriesTrackerUITests */,
				74B8A48D2F9274C300ADB41B /* Products */,
			);
			sourceTree = "<group>";
		};
		74B8A48D2F9274C300ADB41B /* Products */ = {
			isa = PBXGroup;
			children = (
				74B8A48C2F9274C300ADB41B /* TheNewCaloriesTracker.app */,
				74B8A4992F9274C400ADB41B /* TheNewCaloriesTrackerTests.xctest */,
				74B8A4A32F9274C400ADB41B /* TheNewCaloriesTrackerUITests.xctest */,
			);
			name = Products;
			sourceTree = "<group>";
		};
/* End PBXGroup section */

/* Begin PBXNativeTarget section */
		74B8A48B2F9274C300ADB41B /* TheNewCaloriesTracker */ = {
			isa = PBXNativeTarget;
			buildConfigurationList = 74B8A4AD2F9274C400ADB41B /* Build configuration list for PBXNativeTarget "TheNewCaloriesTracker" */;
			buildPhases = (
				74B8A4882F9274C300ADB41B /* Sources */,
				74B8A4892F9274C300ADB41B /* Frameworks */,
				74B8A48A2F9274C300ADB41B /* Resources */,
			);
			buildRules = (
			);
			dependencies = (
			);
			fileSystemSynchronizedGroups = (
				74B8A48E2F9274C300ADB41B /* TheNewCaloriesTracker */,
			);
			name = TheNewCaloriesTracker;
			packageProductDependencies = (
			);
			productName = TheNewCaloriesTracker;
			productReference = 74B8A48C2F9274C300ADB41B /* TheNewCaloriesTracker.app */;
			productType = "com.apple.product-type.application";
		};
		74B8A4982F9274C400ADB41B /* TheNewCaloriesTrackerTests */ = {
			isa = PBXNativeTarget;
			buildConfigurationList = 74B8A4B02F9274C400ADB41B /* Build configuration list for PBXNativeTarget "TheNewCaloriesTrackerTests" */;
			buildPhases = (
				74B8A4952F9274C400ADB41B /* Sources */,
				74B8A4962F9274C400ADB41B /* Frameworks */,
				74B8A4972F9274C400ADB41B /* Resources */,
			);
			buildRules = (
			);
			dependencies = (
				74B8A49B2F9274C400ADB41B /* PBXTargetDependency */,
			);
			fileSystemSynchronizedGroups = (
				74B8A49C2F9274C400ADB41B /* TheNewCaloriesTrackerTests */,
			);
			name = TheNewCaloriesTrackerTests;
			packageProductDependencies = (
			);
			productName = TheNewCaloriesTrackerTests;
			productReference = 74B8A4992F9274C400ADB41B /* TheNewCaloriesTrackerTests.xctest */;
			productType = "com.apple.product-type.bundle.unit-test";
		};
		74B8A4A22F9274C400ADB41B /* TheNewCaloriesTrackerUITests */ = {
			isa = PBXNativeTarget;
			buildConfigurationList = 74B8A4B32F9274C400ADB41B /* Build configuration list for PBXNativeTarget "TheNewCaloriesTrackerUITests" */;
			buildPhases = (
				74B8A49F2F9274C400ADB41B /* Sources */,
				74B8A4A02F9274C400ADB41B /* Frameworks */,
				74B8A4A12F9274C400ADB41B /* Resources */,
			);
			buildRules = (
			);
			dependencies = (
				74B8A4A52F9274C400ADB41B /* PBXTargetDependency */,
			);
			fileSystemSynchronizedGroups = (
				74B8A4A62F9274C400ADB41B /* TheNewCaloriesTrackerUITests */,
			);
			name = TheNewCaloriesTrackerUITests;
			packageProductDependencies = (
			);
			productName = TheNewCaloriesTrackerUITests;
			productReference = 74B8A4A32F9274C400ADB41B /* TheNewCaloriesTrackerUITests.xctest */;
			productType = "com.apple.product-type.bundle.ui-testing";
		};
/* End PBXNativeTarget section */

/* Begin PBXProject section */
		74B8A4842F9274C300ADB41B /* Project object */ = {
			isa = PBXProject;
			attributes = {
				BuildIndependentTargetsInParallel = 1;
				LastSwiftUpdateCheck = 2620;
				LastUpgradeCheck = 2620;
				TargetAttributes = {
					74B8A48B2F9274C300ADB41B = {
						CreatedOnToolsVersion = 26.2;
					};
					74B8A4982F9274C400ADB41B = {
						CreatedOnToolsVersion = 26.2;
						TestTargetID = 74B8A48B2F9274C300ADB41B;
					};
					74B8A4A22F9274C400ADB41B = {
						CreatedOnToolsVersion = 26.2;
						TestTargetID = 74B8A48B2F9274C300ADB41B;
					};
				};
			};
			buildConfigurationList = 74B8A4872F9274C300ADB41B /* Build configuration list for PBXProject "TheNewCaloriesTracker" */;
			developmentRegion = en;
			hasScannedForEncodings = 0;
			knownRegions = (
				en,
				Base,
			);
			mainGroup = 74B8A4832F9274C300ADB41B;
			minimizedProjectReferenceProxies = 1;
			preferredProjectObjectVersion = 77;
			productRefGroup = 74B8A48D2F9274C300ADB41B /* Products */;
			projectDirPath = "";
			projectRoot = "";
			targets = (
				74B8A48B2F9274C300ADB41B /* TheNewCaloriesTracker */,
				74B8A4982F9274C400ADB41B /* TheNewCaloriesTrackerTests */,
				74B8A4A22F9274C400ADB41B /* TheNewCaloriesTrackerUITests */,
			);
		};
/* End PBXProject section */

/* Begin PBXResourcesBuildPhase section */
		74B8A48A2F9274C300ADB41B /* Resources */ = {
			isa = PBXResourcesBuildPhase;
			buildActionMask = 2147483647;
			files = (
			);
			runOnlyForDeploymentPostprocessing = 0;
		};
		74B8A4972F9274C400ADB41B /* Resources */ = {
			isa = PBXResourcesBuildPhase;
			buildActionMask = 2147483647;
			files = (
			);
			runOnlyForDeploymentPostprocessing = 0;
		};
		74B8A4A12F9274C400ADB41B /* Resources */ = {
			isa = PBXResourcesBuildPhase;
			buildActionMask = 2147483647;
			files = (
			);
			runOnlyForDeploymentPostprocessing = 0;
		};
/* End PBXResourcesBuildPhase section */

/* Begin PBXSourcesBuildPhase section */
		74B8A4882F9274C300ADB41B /* Sources */ = {
			isa = PBXSourcesBuildPhase;
			buildActionMask = 2147483647;
			files = (
			);
			runOnlyForDeploymentPostprocessing = 0;
		};
		74B8A4952F9274C400ADB41B /* Sources */ = {
			isa = PBXSourcesBuildPhase;
			buildActionMask = 2147483647;
			files = (
			);
			runOnlyForDeploymentPostprocessing = 0;
		};
		74B8A49F2F9274C400ADB41B /* Sources */ = {
			isa = PBXSourcesBuildPhase;
			buildActionMask = 2147483647;
			files = (
			);
			runOnlyForDeploymentPostprocessing = 0;
		};
/* End PBXSourcesBuildPhase section */

/* Begin PBXTargetDependency section */
		74B8A49B2F9274C400ADB41B /* PBXTargetDependency */ = {
			isa = PBXTargetDependency;
			target = 74B8A48B2F9274C300ADB41B /* TheNewCaloriesTracker */;
			targetProxy = 74B8A49A2F9274C400ADB41B /* PBXContainerItemProxy */;
		};
		74B8A4A52F9274C400ADB41B /* PBXTargetDependency */ = {
			isa = PBXTargetDependency;
			target = 74B8A48B2F9274C300ADB41B /* TheNewCaloriesTracker */;
			targetProxy = 74B8A4A42F9274C400ADB41B /* PBXContainerItemProxy */;
		};
/* End PBXTargetDependency section */

/* Begin XCBuildConfiguration section */
		74B8A4AB2F9274C400ADB41B /* Debug */ = {
			isa = XCBuildConfiguration;
			buildSettings = {
				ALWAYS_SEARCH_USER_PATHS = NO;
				ASSETCATALOG_COMPILER_GENERATE_SWIFT_ASSET_SYMBOL_EXTENSIONS = YES;
				CLANG_ANALYZER_NONNULL = YES;
				CLANG_ANALYZER_NUMBER_OBJECT_CONVERSION = YES_AGGRESSIVE;
				CLANG_CXX_LANGUAGE_STANDARD = "gnu++20";
				CLANG_ENABLE_MODULES = YES;
				CLANG_ENABLE_OBJC_ARC = YES;
				CLANG_ENABLE_OBJC_WEAK = YES;
				CLANG_WARN_BLOCK_CAPTURE_AUTORELEASING = YES;
				CLANG_WARN_BOOL_CONVERSION = YES;
				CLANG_WARN_COMMA = YES;
				CLANG_WARN_CONSTANT_CONVERSION = YES;
				CLANG_WARN_DEPRECATED_OBJC_IMPLEMENTATIONS = YES;
				CLANG_WARN_DIRECT_OBJC_ISA_USAGE = YES_ERROR;
				CLANG_WARN_DOCUMENTATION_COMMENTS = YES;
				CLANG_WARN_EMPTY_BODY = YES;
				CLANG_WARN_ENUM_CONVERSION = YES;
				CLANG_WARN_INFINITE_RECURSION = YES;
				CLANG_WARN_INT_CONVERSION = YES;
				CLANG_WARN_NON_LITERAL_NULL_CONVERSION = YES;
				CLANG_WARN_OBJC_IMPLICIT_RETAIN_SELF = YES;
				CLANG_WARN_OBJC_LITERAL_CONVERSION = YES;
				CLANG_WARN_OBJC_ROOT_CLASS = YES_ERROR;
				CLANG_WARN_QUOTED_INCLUDE_IN_FRAMEWORK_HEADER = YES;
				CLANG_WARN_RANGE_LOOP_ANALYSIS = YES;
				CLANG_WARN_STRICT_PROTOTYPES = YES;
				CLANG_WARN_SUSPICIOUS_MOVE = YES;
				CLANG_WARN_UNGUARDED_AVAILABILITY = YES_AGGRESSIVE;
				CLANG_WARN_UNREACHABLE_CODE = YES;
				CLANG_WARN__DUPLICATE_METHOD_MATCH = YES;
				COPY_PHASE_STRIP = NO;
				DEBUG_INFORMATION_FORMAT = dwarf;
				ENABLE_STRICT_OBJC_MSGSEND = YES;
				ENABLE_TESTABILITY = YES;
				ENABLE_USER_SCRIPT_SANDBOXING = YES;
				GCC_C_LANGUAGE_STANDARD = gnu17;
				GCC_DYNAMIC_NO_PIC = NO;
				GCC_NO_COMMON_BLOCKS = YES;
				GCC_OPTIMIZATION_LEVEL = 0;
				GCC_PREPROCESSOR_DEFINITIONS = (
					"DEBUG=1",
					"$(inherited)",
				);
				GCC_WARN_64_TO_32_BIT_CONVERSION = YES;
				GCC_WARN_ABOUT_RETURN_TYPE = YES_ERROR;
				GCC_WARN_UNDECLARED_SELECTOR = YES;
				GCC_WARN_UNINITIALIZED_AUTOS = YES_AGGRESSIVE;
				GCC_WARN_UNUSED_FUNCTION = YES;
				GCC_WARN_UNUSED_VARIABLE = YES;
				IPHONEOS_DEPLOYMENT_TARGET = 26.2;
				LOCALIZATION_PREFERS_STRING_CATALOGS = YES;
				MTL_ENABLE_DEBUG_INFO = INCLUDE_SOURCE;
				MTL_FAST_MATH = YES;
				ONLY_ACTIVE_ARCH = YES;
				SDKROOT = iphoneos;
				SWIFT_ACTIVE_COMPILATION_CONDITIONS = "DEBUG $(inherited)";
				SWIFT_OPTIMIZATION_LEVEL = "-Onone";
			};
			name = Debug;
		};
		74B8A4AC2F9274C400ADB41B /* Release */ = {
			isa = XCBuildConfiguration;
			buildSettings = {
				ALWAYS_SEARCH_USER_PATHS = NO;
				ASSETCATALOG_COMPILER_GENERATE_SWIFT_ASSET_SYMBOL_EXTENSIONS = YES;
				CLANG_ANALYZER_NONNULL = YES;
				CLANG_ANALYZER_NUMBER_OBJECT_CONVERSION = YES_AGGRESSIVE;
				CLANG_CXX_LANGUAGE_STANDARD = "gnu++20";
				CLANG_ENABLE_MODULES = YES;
				CLANG_ENABLE_OBJC_ARC = YES;
				CLANG_ENABLE_OBJC_WEAK = YES;
				CLANG_WARN_BLOCK_CAPTURE_AUTORELEASING = YES;
				CLANG_WARN_BOOL_CONVERSION = YES;
				CLANG_WARN_COMMA = YES;
				CLANG_WARN_CONSTANT_CONVERSION = YES;
				CLANG_WARN_DEPRECATED_OBJC_IMPLEMENTATIONS = YES;
				CLANG_WARN_DIRECT_OBJC_ISA_USAGE = YES_ERROR;
				CLANG_WARN_DOCUMENTATION_COMMENTS = YES;
				CLANG_WARN_EMPTY_BODY = YES;
				CLANG_WARN_ENUM_CONVERSION = YES;
				CLANG_WARN_INFINITE_RECURSION = YES;
				CLANG_WARN_INT_CONVERSION = YES;
				CLANG_WARN_NON_LITERAL_NULL_CONVERSION = YES;
				CLANG_WARN_OBJC_IMPLICIT_RETAIN_SELF = YES;
				CLANG_WARN_OBJC_LITERAL_CONVERSION = YES;
				CLANG_WARN_OBJC_ROOT_CLASS = YES_ERROR;
				CLANG_WARN_QUOTED_INCLUDE_IN_FRAMEWORK_HEADER = YES;
				CLANG_WARN_RANGE_LOOP_ANALYSIS = YES;
				CLANG_WARN_STRICT_PROTOTYPES = YES;
				CLANG_WARN_SUSPICIOUS_MOVE = YES;
				CLANG_WARN_UNGUARDED_AVAILABILITY = YES_AGGRESSIVE;
				CLANG_WARN_UNREACHABLE_CODE = YES;
				CLANG_WARN__DUPLICATE_METHOD_MATCH = YES;
				COPY_PHASE_STRIP = NO;
				DEBUG_INFORMATION_FORMAT = "dwarf-with-dsym";
				ENABLE_NS_ASSERTIONS = NO;
				ENABLE_STRICT_OBJC_MSGSEND = YES;
				ENABLE_USER_SCRIPT_SANDBOXING = YES;
				GCC_C_LANGUAGE_STANDARD = gnu17;
				GCC_NO_COMMON_BLOCKS = YES;
				GCC_WARN_64_TO_32_BIT_CONVERSION = YES;
				GCC_WARN_ABOUT_RETURN_TYPE = YES_ERROR;
				GCC_WARN_UNDECLARED_SELECTOR = YES;
				GCC_WARN_UNINITIALIZED_AUTOS = YES_AGGRESSIVE;
				GCC_WARN_UNUSED_FUNCTION = YES;
				GCC_WARN_UNUSED_VARIABLE = YES;
				IPHONEOS_DEPLOYMENT_TARGET = 26.2;
				LOCALIZATION_PREFERS_STRING_CATALOGS = YES;
				MTL_ENABLE_DEBUG_INFO = NO;
				MTL_FAST_MATH = YES;
				SDKROOT = iphoneos;
				SWIFT_COMPILATION_MODE = wholemodule;
				VALIDATE_PRODUCT = YES;
			};
			name = Release;
		};
		74B8A4AE2F9274C400ADB41B /* Debug */ = {
			isa = XCBuildConfiguration;
			buildSettings = {
				ASSETCATALOG_COMPILER_APPICON_NAME = AppIcon;
				ASSETCATALOG_COMPILER_GLOBAL_ACCENT_COLOR_NAME = AccentColor;
				CODE_SIGN_STYLE = Automatic;
				CURRENT_PROJECT_VERSION = 1;
				DEVELOPMENT_TEAM = H8H2TRN494;
				ENABLE_PREVIEWS = YES;
				GENERATE_INFOPLIST_FILE = NO;
				INFOPLIST_FILE = AppInfo.plist;
				IPHONEOS_DEPLOYMENT_TARGET = 18.6;
				LD_RUNPATH_SEARCH_PATHS = (
					"$(inherited)",
					"@executable_path/Frameworks",
				);
				MARKETING_VERSION = 1.0;
				PRODUCT_BUNDLE_IDENTIFIER = justndq.TheNewCaloriesTracker;
				PRODUCT_NAME = "$(TARGET_NAME)";
				STRING_CATALOG_GENERATE_SYMBOLS = YES;
				SWIFT_APPROACHABLE_CONCURRENCY = YES;
				SWIFT_DEFAULT_ACTOR_ISOLATION = MainActor;
				SWIFT_EMIT_LOC_STRINGS = YES;
				SWIFT_UPCOMING_FEATURE_MEMBER_IMPORT_VISIBILITY = YES;
				SWIFT_VERSION = 5.0;
				TARGETED_DEVICE_FAMILY = "1,2";
			};
			name = Debug;
		};
		74B8A4AF2F9274C400ADB41B /* Release */ = {
			isa = XCBuildConfiguration;
			buildSettings = {
				ASSETCATALOG_COMPILER_APPICON_NAME = AppIcon;
				ASSETCATALOG_COMPILER_GLOBAL_ACCENT_COLOR_NAME = AccentColor;
				CODE_SIGN_STYLE = Automatic;
				CURRENT_PROJECT_VERSION = 1;
				DEVELOPMENT_TEAM = H8H2TRN494;
				ENABLE_PREVIEWS = YES;
				GENERATE_INFOPLIST_FILE = NO;
				INFOPLIST_FILE = AppInfo.plist;
				IPHONEOS_DEPLOYMENT_TARGET = 18.6;
				LD_RUNPATH_SEARCH_PATHS = (
					"$(inherited)",
					"@executable_path/Frameworks",
				);
				MARKETING_VERSION = 1.0;
				PRODUCT_BUNDLE_IDENTIFIER = justndq.TheNewCaloriesTracker;
				PRODUCT_NAME = "$(TARGET_NAME)";
				STRING_CATALOG_GENERATE_SYMBOLS = YES;
				SWIFT_APPROACHABLE_CONCURRENCY = YES;
				SWIFT_DEFAULT_ACTOR_ISOLATION = MainActor;
				SWIFT_EMIT_LOC_STRINGS = YES;
				SWIFT_UPCOMING_FEATURE_MEMBER_IMPORT_VISIBILITY = YES;
				SWIFT_VERSION = 5.0;
				TARGETED_DEVICE_FAMILY = "1,2";
			};
			name = Release;
		};
		74B8A4B12F9274C400ADB41B /* Debug */ = {
			isa = XCBuildConfiguration;
			buildSettings = {
				BUNDLE_LOADER = "$(TEST_HOST)";
				CODE_SIGN_STYLE = Automatic;
				CURRENT_PROJECT_VERSION = 1;
				GENERATE_INFOPLIST_FILE = YES;
				IPHONEOS_DEPLOYMENT_TARGET = 26.2;
				MARKETING_VERSION = 1.0;
				PRODUCT_BUNDLE_IDENTIFIER = justndq.TheNewCaloriesTrackerTests;
				PRODUCT_NAME = "$(TARGET_NAME)";
				STRING_CATALOG_GENERATE_SYMBOLS = NO;
				SWIFT_APPROACHABLE_CONCURRENCY = YES;
				SWIFT_EMIT_LOC_STRINGS = NO;
				SWIFT_UPCOMING_FEATURE_MEMBER_IMPORT_VISIBILITY = YES;
				SWIFT_VERSION = 5.0;
				TARGETED_DEVICE_FAMILY = "1,2";
				TEST_HOST = "$(BUILT_PRODUCTS_DIR)/TheNewCaloriesTracker.app/$(BUNDLE_EXECUTABLE_FOLDER_PATH)/TheNewCaloriesTracker";
			};
			name = Debug;
		};
		74B8A4B22F9274C400ADB41B /* Release */ = {
			isa = XCBuildConfiguration;
			buildSettings = {
				BUNDLE_LOADER = "$(TEST_HOST)";
				CODE_SIGN_STYLE = Automatic;
				CURRENT_PROJECT_VERSION = 1;
				GENERATE_INFOPLIST_FILE = YES;
				IPHONEOS_DEPLOYMENT_TARGET = 26.2;
				MARKETING_VERSION = 1.0;
				PRODUCT_BUNDLE_IDENTIFIER = justndq.TheNewCaloriesTrackerTests;
				PRODUCT_NAME = "$(TARGET_NAME)";
				STRING_CATALOG_GENERATE_SYMBOLS = NO;
				SWIFT_APPROACHABLE_CONCURRENCY = YES;
				SWIFT_EMIT_LOC_STRINGS = NO;
				SWIFT_UPCOMING_FEATURE_MEMBER_IMPORT_VISIBILITY = YES;
				SWIFT_VERSION = 5.0;
				TARGETED_DEVICE_FAMILY = "1,2";
				TEST_HOST = "$(BUILT_PRODUCTS_DIR)/TheNewCaloriesTracker.app/$(BUNDLE_EXECUTABLE_FOLDER_PATH)/TheNewCaloriesTracker";
			};
			name = Release;
		};
		74B8A4B42F9274C400ADB41B /* Debug */ = {
			isa = XCBuildConfiguration;
			buildSettings = {
				CODE_SIGN_STYLE = Automatic;
				CURRENT_PROJECT_VERSION = 1;
				GENERATE_INFOPLIST_FILE = YES;
				MARKETING_VERSION = 1.0;
				PRODUCT_BUNDLE_IDENTIFIER = justndq.TheNewCaloriesTrackerUITests;
				PRODUCT_NAME = "$(TARGET_NAME)";
				STRING_CATALOG_GENERATE_SYMBOLS = NO;
				SWIFT_APPROACHABLE_CONCURRENCY = YES;
				SWIFT_EMIT_LOC_STRINGS = NO;
				SWIFT_UPCOMING_FEATURE_MEMBER_IMPORT_VISIBILITY = YES;
				SWIFT_VERSION = 5.0;
				TARGETED_DEVICE_FAMILY = "1,2";
				TEST_TARGET_NAME = TheNewCaloriesTracker;
			};
			name = Debug;
		};
		74B8A4B52F9274C400ADB41B /* Release */ = {
			isa = XCBuildConfiguration;
			buildSettings = {
				CODE_SIGN_STYLE = Automatic;
				CURRENT_PROJECT_VERSION = 1;
				GENERATE_INFOPLIST_FILE = YES;
				MARKETING_VERSION = 1.0;
				PRODUCT_BUNDLE_IDENTIFIER = justndq.TheNewCaloriesTrackerUITests;
				PRODUCT_NAME = "$(TARGET_NAME)";
				STRING_CATALOG_GENERATE_SYMBOLS = NO;
				SWIFT_APPROACHABLE_CONCURRENCY = YES;
				SWIFT_EMIT_LOC_STRINGS = NO;
				SWIFT_UPCOMING_FEATURE_MEMBER_IMPORT_VISIBILITY = YES;
				SWIFT_VERSION = 5.0;
				TARGETED_DEVICE_FAMILY = "1,2";
				TEST_TARGET_NAME = TheNewCaloriesTracker;
			};
			name = Release;
		};
/* End XCBuildConfiguration section */

/* Begin XCConfigurationList section */
		74B8A4872F9274C300ADB41B /* Build configuration list for PBXProject "TheNewCaloriesTracker" */ = {
			isa = XCConfigurationList;
			buildConfigurations = (
				74B8A4AB2F9274C400ADB41B /* Debug */,
				74B8A4AC2F9274C400ADB41B /* Release */,
			);
			defaultConfigurationIsVisible = 0;
			defaultConfigurationName = Release;
		};
		74B8A4AD2F9274C400ADB41B /* Build configuration list for PBXNativeTarget "TheNewCaloriesTracker" */ = {
			isa = XCConfigurationList;
			buildConfigurations = (
				74B8A4AE2F9274C400ADB41B /* Debug */,
				74B8A4AF2F9274C400ADB41B /* Release */,
			);
			defaultConfigurationIsVisible = 0;
			defaultConfigurationName = Release;
		};
		74B8A4B02F9274C400ADB41B /* Build configuration list for PBXNativeTarget "TheNewCaloriesTrackerTests" */ = {
			isa = XCConfigurationList;
			buildConfigurations = (
				74B8A4B12F9274C400ADB41B /* Debug */,
				74B8A4B22F9274C400ADB41B /* Release */,
			);
			defaultConfigurationIsVisible = 0;
			defaultConfigurationName = Release;
		};
		74B8A4B32F9274C400ADB41B /* Build configuration list for PBXNativeTarget "TheNewCaloriesTrackerUITests" */ = {
			isa = XCConfigurationList;
			buildConfigurations = (
				74B8A4B42F9274C400ADB41B /* Debug */,
				74B8A4B52F9274C400ADB41B /* Release */,
			);
			defaultConfigurationIsVisible = 0;
			defaultConfigurationName = Release;
		};
/* End XCConfigurationList section */
	};
	rootObject = 74B8A4842F9274C300ADB41B /* Project object */;
}
